PackratFormat: 1.4
PackratVersion: 0.4.1.1
RVersion: 3.1.2
Repos: CRAN=http://cran.at.r-project.org/,
    BioCsoft=http://bioconductor.org/packages/2.13/bioc,
    BioCann=http://bioconductor.org/packages/2.13/data/annotation,
    BioCexp=http://bioconductor.org/packages/2.13/data/experiment,
    BioCextra=http://bioconductor.org/packages/2.13/extra

Package: packrat
Source: CRAN
Version: 0.4.1-1
Hash: 5716097644904b9c1b4be2692de16005
